
Microsoft Visual Studio Solution File, Format Version 12.00
# Visual Studio Version 16
VisualStudioVersion = 25.0.1706.7
MinimumVisualStudioVersion = 10.0.40219.1
Project("{FAE04EC0-301F-11D3-BF4B-00C04F79EFBC}") = "testlast", "testlast\testlast.csproj", "{BA83AADF-0E35-4C4C-A3D7-D2D7F0053343}"
EndProject
Global
	GlobalSection(SolutionConfigurationPlatforms) = preSolution
		Debug|Any CPU = Debug|Any CPU
		Release|Any CPU = Release|Any CPU
	EndGlobalSection
	GlobalSection(ProjectConfigurationPlatforms) = postSolution
		{BA83AADF-0E35-4C4C-A3D7-D2D7F0053343}.Debug|Any CPU.ActiveCfg = Debug|Any CPU
		{BA83AADF-0E35-4C4C-A3D7-D2D7F0053343}.Debug|Any CPU.Build.0 = Debug|Any CPU
		{BA83AADF-0E35-4C4C-A3D7-D2D7F0053343}.Release|Any CPU.ActiveCfg = Release|Any CPU
		{BA83AADF-0E35-4C4C-A3D7-D2D7F0053343}.Release|Any CPU.Build.0 = Release|Any CPU
	EndGlobalSection
	GlobalSection(SolutionProperties) = preSolution
		HideSolutionNode = FALSE
	EndGlobalSection
	GlobalSection(ExtensibilityGlobals) = postSolution
		SolutionGuid = {ED1278D1-9CBD-4FFE-97BE-880D58797467}
	EndGlobalSection
EndGlobal
